
Microsoft Visual Studio Solution File, Format Version 12.00
# Visual Studio Version 16
VisualStudioVersion = 16.0.31112.23
MinimumVisualStudioVersion = 10.0.40219.1
Project("{9092AA53-FB77-4645-B42D-1CCCA6BD08BD}") = "Hyenas", "hyenas.njsproj", "{6FDB2154-8E55-40E2-9FC2-1B58B82D04F3}"
EndProject
Global
	GlobalSection(SolutionConfigurationPlatforms) = preSolution
		Debug|Any CPU = Debug|Any CPU
		Release|Any CPU = Release|Any CPU
	EndGlobalSection
	GlobalSection(ProjectConfigurationPlatforms) = postSolution
		{6FDB2154-8E55-40E2-9FC2-1B58B82D04F3}.Debug|Any CPU.ActiveCfg = Debug|Any CPU
		{6FDB2154-8E55-40E2-9FC2-1B58B82D04F3}.Debug|Any CPU.Build.0 = Debug|Any CPU
		{6FDB2154-8E55-40E2-9FC2-1B58B82D04F3}.Release|Any CPU.ActiveCfg = Release|Any CPU
		{6FDB2154-8E55-40E2-9FC2-1B58B82D04F3}.Release|Any CPU.Build.0 = Release|Any CPU
	EndGlobalSection
	GlobalSection(SolutionProperties) = preSolution
		HideSolutionNode = FALSE
	EndGlobalSection
	GlobalSection(ExtensibilityGlobals) = postSolution
		SolutionGuid = {2FFE2FB4-4F5A-40CF-9F0F-B05EDB54E50E}
	EndGlobalSection
EndGlobal
